
Microsoft Visual Studio Solution File, Format Version 10.00
# Visual Studio 2008
Project("{FAE04EC0-301F-11D3-BF4B-00C04F79EFBC}") = "Microsoft.TeamFoundation", "class\Microsoft.TeamFoundation\Microsoft.TeamFoundation.csproj", "{B0953653-D640-4338-BDAE-91DA9C3583F8}"
	ProjectSection(WebsiteProperties) = preProject
		Debug.AspNetCompiler.Debug = "True"
		Release.AspNetCompiler.Debug = "False"
	EndProjectSection
EndProject
Project("{FAE04EC0-301F-11D3-BF4B-00C04F79EFBC}") = "Microsoft.TeamFoundation.Client", "class\Microsoft.TeamFoundation.Client\Microsoft.TeamFoundation.Client.csproj", "{C0953653-D640-4338-BDAE-91DA9C3583F8}"
	ProjectSection(ProjectDependencies) = postProject
		{B0953653-D640-4338-BDAE-91DA9C3583F8} = {B0953653-D640-4338-BDAE-91DA9C3583F8}
	EndProjectSection
	ProjectSection(WebsiteProperties) = preProject
		Debug.AspNetCompiler.Debug = "True"
		Release.AspNetCompiler.Debug = "False"
	EndProjectSection
EndProject
Project("{FAE04EC0-301F-11D3-BF4B-00C04F79EFBC}") = "Microsoft.TeamFoundation.Common", "class\Microsoft.TeamFoundation.Common\Microsoft.TeamFoundation.Common.csproj", "{E0953653-D640-4338-BDAE-91DA9C3583F8}"
	ProjectSection(WebsiteProperties) = preProject
		Debug.AspNetCompiler.Debug = "True"
		Release.AspNetCompiler.Debug = "False"
	EndProjectSection
EndProject
Project("{FAE04EC0-301F-11D3-BF4B-00C04F79EFBC}") = "Microsoft.TeamFoundation.VersionControl.Client", "class\Microsoft.TeamFoundation.VersionControl.Client\Microsoft.TeamFoundation.VersionControl.Client.csproj", "{F0953653-D640-4338-BDAE-91DA9C3583F8}"
	ProjectSection(ProjectDependencies) = postProject
		{A0953653-D640-4338-BDAE-91DA9C3583F8} = {A0953653-D640-4338-BDAE-91DA9C3583F8}
	EndProjectSection
	ProjectSection(WebsiteProperties) = preProject
		Debug.AspNetCompiler.Debug = "True"
		Release.AspNetCompiler.Debug = "False"
	EndProjectSection
EndProject
Project("{FAE04EC0-301F-11D3-BF4B-00C04F79EFBC}") = "Microsoft.TeamFoundation.VersionControl.Common", "class\Microsoft.TeamFoundation.VersionControl.Common\Microsoft.TeamFoundation.VersionControl.Common.csproj", "{A0953653-D640-4338-BDAE-91DA9C3583F8}"
	ProjectSection(ProjectDependencies) = postProject
		{C0953653-D640-4338-BDAE-91DA9C3583F8} = {C0953653-D640-4338-BDAE-91DA9C3583F8}
	EndProjectSection
	ProjectSection(WebsiteProperties) = preProject
		Debug.AspNetCompiler.Debug = "True"
		Release.AspNetCompiler.Debug = "False"
	EndProjectSection
EndProject
Project("{FAE04EC0-301F-11D3-BF4B-00C04F79EFBC}") = "Microsoft.TeamFoundation.WorkItemTracking.Common", "class\Microsoft.TeamFoundation.WorkItemTracking.Common\Microsoft.TeamFoundation.WorkItemTracking.Common.csproj", "{D0953653-D631-4338-BDAE-91DA9C3583F8}"
	ProjectSection(WebsiteProperties) = preProject
		Debug.AspNetCompiler.Debug = "True"
		Release.AspNetCompiler.Debug = "False"
	EndProjectSection
EndProject
Project("{FAE04EC0-301F-11D3-BF4B-00C04F79EFBC}") = "Microsoft.TeamFoundation.WorkItemTracking.Client", "class\Microsoft.TeamFoundation.WorkItemTracking.Client\Microsoft.TeamFoundation.WorkItemTracking.Client.csproj", "{D0953653-D640-4338-BDAE-91DA9C3583F8}"
	ProjectSection(ProjectDependencies) = postProject
		{C0953653-D640-4338-BDAE-91DA9C3583F8} = {C0953653-D640-4338-BDAE-91DA9C3583F8}
	EndProjectSection
	ProjectSection(WebsiteProperties) = preProject
		Debug.AspNetCompiler.Debug = "True"
		Release.AspNetCompiler.Debug = "False"
	EndProjectSection
EndProject
Project("{FAE04EC0-301F-11D3-BF4B-00C04F79EFBC}") = "OpenTF.Common", "class\OpenTF.Common\OpenTF.Common.csproj", "{B0953653-A461-4338-BDAE-91DA9C35BBAA}"
EndProject
Project("{FAE04EC0-301F-11D3-BF4B-00C04F79EFBC}") = "opentf", "tools\opentf\opentf.csproj", "{93ED36D6-0FDC-40AC-BAC0-EB75CF761ECF}"
	ProjectSection(ProjectDependencies) = postProject
		{F0953653-D640-4338-BDAE-91DA9C3583F8} = {F0953653-D640-4338-BDAE-91DA9C3583F8}
	EndProjectSection
	ProjectSection(WebsiteProperties) = preProject
		Debug.AspNetCompiler.Debug = "True"
		Release.AspNetCompiler.Debug = "False"
	EndProjectSection
EndProject
Project("{FAE04EC0-301F-11D3-BF4B-00C04F79EFBC}") = "wit", "tools\wit\wit.csproj", "{C8B9A7CC-E063-4F11-B166-1EE3BA4225CC}"
	ProjectSection(ProjectDependencies) = postProject
		{D0953653-D631-4338-BDAE-91DA9C3583F8} = {D0953653-D631-4338-BDAE-91DA9C3583F8}
		{D0953653-D640-4338-BDAE-91DA9C3583F8} = {D0953653-D640-4338-BDAE-91DA9C3583F8}
	EndProjectSection
	ProjectSection(WebsiteProperties) = preProject
		Debug.AspNetCompiler.Debug = "True"
		Release.AspNetCompiler.Debug = "False"
	EndProjectSection
EndProject
Project("{FAE04EC0-301F-11D3-BF4B-00C04F79EFBC}") = "tfsbot", "tools\tfsbot\tfsbot.csproj", "{93ED36D6-0FDC-40AC-BAAB-EB75CF761ECF}"
EndProject
Global
	GlobalSection(SolutionConfigurationPlatforms) = preSolution
		Debug|Any CPU = Debug|Any CPU
		Release|Any CPU = Release|Any CPU
	EndGlobalSection
	GlobalSection(ProjectConfigurationPlatforms) = postSolution
		{B0953653-D640-4338-BDAE-91DA9C3583F8}.Debug|Any CPU.ActiveCfg = Debug|Any CPU
		{B0953653-D640-4338-BDAE-91DA9C3583F8}.Debug|Any CPU.Build.0 = Debug|Any CPU
		{B0953653-D640-4338-BDAE-91DA9C3583F8}.Release|Any CPU.ActiveCfg = Release|Any CPU
		{B0953653-D640-4338-BDAE-91DA9C3583F8}.Release|Any CPU.Build.0 = Release|Any CPU
		{C0953653-D640-4338-BDAE-91DA9C3583F8}.Debug|Any CPU.ActiveCfg = Debug|Any CPU
		{C0953653-D640-4338-BDAE-91DA9C3583F8}.Debug|Any CPU.Build.0 = Debug|Any CPU
		{C0953653-D640-4338-BDAE-91DA9C3583F8}.Release|Any CPU.ActiveCfg = Release|Any CPU
		{C0953653-D640-4338-BDAE-91DA9C3583F8}.Release|Any CPU.Build.0 = Release|Any CPU
		{E0953653-D640-4338-BDAE-91DA9C3583F8}.Debug|Any CPU.ActiveCfg = Debug|Any CPU
		{E0953653-D640-4338-BDAE-91DA9C3583F8}.Debug|Any CPU.Build.0 = Debug|Any CPU
		{E0953653-D640-4338-BDAE-91DA9C3583F8}.Release|Any CPU.ActiveCfg = Release|Any CPU
		{E0953653-D640-4338-BDAE-91DA9C3583F8}.Release|Any CPU.Build.0 = Release|Any CPU
		{F0953653-D640-4338-BDAE-91DA9C3583F8}.Debug|Any CPU.ActiveCfg = Debug|Any CPU
		{F0953653-D640-4338-BDAE-91DA9C3583F8}.Debug|Any CPU.Build.0 = Debug|Any CPU
		{F0953653-D640-4338-BDAE-91DA9C3583F8}.Release|Any CPU.ActiveCfg = Release|Any CPU
		{F0953653-D640-4338-BDAE-91DA9C3583F8}.Release|Any CPU.Build.0 = Release|Any CPU
		{A0953653-D640-4338-BDAE-91DA9C3583F8}.Debug|Any CPU.ActiveCfg = Debug|Any CPU
		{A0953653-D640-4338-BDAE-91DA9C3583F8}.Debug|Any CPU.Build.0 = Debug|Any CPU
		{A0953653-D640-4338-BDAE-91DA9C3583F8}.Release|Any CPU.ActiveCfg = Release|Any CPU
		{A0953653-D640-4338-BDAE-91DA9C3583F8}.Release|Any CPU.Build.0 = Release|Any CPU
		{D0953653-D631-4338-BDAE-91DA9C3583F8}.Debug|Any CPU.ActiveCfg = Debug|Any CPU
		{D0953653-D631-4338-BDAE-91DA9C3583F8}.Debug|Any CPU.Build.0 = Debug|Any CPU
		{D0953653-D631-4338-BDAE-91DA9C3583F8}.Release|Any CPU.ActiveCfg = Release|Any CPU
		{D0953653-D631-4338-BDAE-91DA9C3583F8}.Release|Any CPU.Build.0 = Release|Any CPU
		{D0953653-D640-4338-BDAE-91DA9C3583F8}.Debug|Any CPU.ActiveCfg = Debug|Any CPU
		{D0953653-D640-4338-BDAE-91DA9C3583F8}.Debug|Any CPU.Build.0 = Debug|Any CPU
		{D0953653-D640-4338-BDAE-91DA9C3583F8}.Release|Any CPU.ActiveCfg = Release|Any CPU
		{D0953653-D640-4338-BDAE-91DA9C3583F8}.Release|Any CPU.Build.0 = Release|Any CPU
		{B0953653-A461-4338-BDAE-91DA9C35BBAA}.Debug|Any CPU.ActiveCfg = Debug|Any CPU
		{B0953653-A461-4338-BDAE-91DA9C35BBAA}.Debug|Any CPU.Build.0 = Debug|Any CPU
		{B0953653-A461-4338-BDAE-91DA9C35BBAA}.Release|Any CPU.ActiveCfg = Release|Any CPU
		{B0953653-A461-4338-BDAE-91DA9C35BBAA}.Release|Any CPU.Build.0 = Release|Any CPU
		{93ED36D6-0FDC-40AC-BAC0-EB75CF761ECF}.Debug|Any CPU.ActiveCfg = Debug|Any CPU
		{93ED36D6-0FDC-40AC-BAC0-EB75CF761ECF}.Debug|Any CPU.Build.0 = Debug|Any CPU
		{93ED36D6-0FDC-40AC-BAC0-EB75CF761ECF}.Release|Any CPU.ActiveCfg = Release|Any CPU
		{93ED36D6-0FDC-40AC-BAC0-EB75CF761ECF}.Release|Any CPU.Build.0 = Release|Any CPU
		{C8B9A7CC-E063-4F11-B166-1EE3BA4225CC}.Debug|Any CPU.ActiveCfg = Debug|Any CPU
		{C8B9A7CC-E063-4F11-B166-1EE3BA4225CC}.Release|Any CPU.ActiveCfg = Release|Any CPU
		{93ED36D6-0FDC-40AC-BAAB-EB75CF761ECF}.Debug|Any CPU.ActiveCfg = Debug|Any CPU
		{93ED36D6-0FDC-40AC-BAAB-EB75CF761ECF}.Debug|Any CPU.Build.0 = Debug|Any CPU
		{93ED36D6-0FDC-40AC-BAAB-EB75CF761ECF}.Release|Any CPU.ActiveCfg = Release|Any CPU
		{93ED36D6-0FDC-40AC-BAAB-EB75CF761ECF}.Release|Any CPU.Build.0 = Release|Any CPU
	EndGlobalSection
	GlobalSection(SolutionProperties) = preSolution
		HideSolutionNode = FALSE
	EndGlobalSection
EndGlobal
